
Microsoft Visual Studio Solution File, Format Version 12.00
# Visual Studio Version 17
VisualStudioVersion = 17.4.33403.182
MinimumVisualStudioVersion = 10.0.40219.1
Project("{FAE04EC0-301F-11D3-BF4B-00C04F79EFBC}") = "laba2", "laba2\laba2.csproj", "{B3E3217E-3723-41B8-AB0F-4D3915F81125}"
EndProject
Global
	GlobalSection(SolutionConfigurationPlatforms) = preSolution
		Debug|Any CPU = Debug|Any CPU
		Release|Any CPU = Release|Any CPU
	EndGlobalSection
	GlobalSection(ProjectConfigurationPlatforms) = postSolution
		{B3E3217E-3723-41B8-AB0F-4D3915F81125}.Debug|Any CPU.ActiveCfg = Debug|Any CPU
		{B3E3217E-3723-41B8-AB0F-4D3915F81125}.Debug|Any CPU.Build.0 = Debug|Any CPU
		{B3E3217E-3723-41B8-AB0F-4D3915F81125}.Release|Any CPU.ActiveCfg = Release|Any CPU
		{B3E3217E-3723-41B8-AB0F-4D3915F81125}.Release|Any CPU.Build.0 = Release|Any CPU
	EndGlobalSection
	GlobalSection(SolutionProperties) = preSolution
		HideSolutionNode = FALSE
	EndGlobalSection
	GlobalSection(ExtensibilityGlobals) = postSolution
		SolutionGuid = {B17D399C-D3F5-494A-846A-1D57F9F46234}
	EndGlobalSection
EndGlobal
